// !$*UTF8*$!
{
	archiveVersion = 1;
	classes = {
	};
	objectVersion = 56;
	objects = {

/* Begin PBXBuildFile section */
		2A6748892D22694A0021C45C /* Sub1.sks in Resources */ = {isa = PBXBuildFile; fileRef = 2A6748882D22694A0021C45C /* Sub1.sks */; };
		2A6748A32D22C0FB0021C45C /* sub2.sks in Resources */ = {isa = PBXBuildFile; fileRef = 2A6748A22D22C0FB0021C45C /* sub2.sks */; };
		2A6748A52D22D3820021C45C /* Sub5.swift in Sources */ = {isa = PBXBuildFile; fileRef = 2A6748A42D22D3820021C45C /* Sub5.swift */; };
		2A6748A72D22D3900021C45C /* Sub6.swift in Sources */ = {isa = PBXBuildFile; fileRef = 2A6748A62D22D3900021C45C /* Sub6.swift */; };
		2A6748A92D22D39D0021C45C /* Sub7.swift in Sources */ = {isa = PBXBuildFile; fileRef = 2A6748A82D22D39D0021C45C /* Sub7.swift */; };
		2A6748AB2D22D3AA0021C45C /* Sub8.swift in Sources */ = {isa = PBXBuildFile; fileRef = 2A6748AA2D22D3AA0021C45C /* Sub8.swift */; };
		2A6748AF2D231DB10021C45C /* wrongAnswer.wav in Resources */ = {isa = PBXBuildFile; fileRef = 2A6748AE2D231DB10021C45C /* wrongAnswer.wav */; };
		2A6748B12D231DE70021C45C /* correctAnswer.wav in Resources */ = {isa = PBXBuildFile; fileRef = 2A6748B02D231DE70021C45C /* correctAnswer.wav */; };
		2A6748B92D23D9210021C45C /* Bdrop.wav in Resources */ = {isa = PBXBuildFile; fileRef = 2A6748B82D23D9210021C45C /* Bdrop.wav */; };
		2A6748BB2D23E9FC0021C45C /* Our-butten-click.mp3 in Resources */ = {isa = PBXBuildFile; fileRef = 2A6748BA2D23E9FC0021C45C /* Our-butten-click.mp3 */; };
		2C794B992D2055DB006AA61A /* Sub1.swift in Sources */ = {isa = PBXBuildFile; fileRef = 2C794B982D2055DB006AA61A /* Sub1.swift */; };
		2C794B9B2D2055FE006AA61A /* Sub2.swift in Sources */ = {isa = PBXBuildFile; fileRef = 2C794B9A2D2055FE006AA61A /* Sub2.swift */; };
		2C794B9D2D205627006AA61A /* Sub3.swift in Sources */ = {isa = PBXBuildFile; fileRef = 2C794B9C2D205627006AA61A /* Sub3.swift */; };
		2C794B9F2D20563C006AA61A /* Sub4.swift in Sources */ = {isa = PBXBuildFile; fileRef = 2C794B9E2D20563C006AA61A /* Sub4.swift */; };
		2C89BA182D19A861004CFBB2 /* Clown.wav in Resources */ = {isa = PBXBuildFile; fileRef = 2C89BA172D19A861004CFBB2 /* Clown.wav */; };
		2C89BA1C2D19B062004CFBB2 /* guess.wav in Resources */ = {isa = PBXBuildFile; fileRef = 2C89BA1B2D19B062004CFBB2 /* guess.wav */; };
		2CC5306D2D22DC720051DBD0 /* AExcellentnext.mp3 in Resources */ = {isa = PBXBuildFile; fileRef = 2CC5306C2D22DC720051DBD0 /* AExcellentnext.mp3 */; };
		2CC530742D2329330051DBD0 /* PopBalloon.wav in Resources */ = {isa = PBXBuildFile; fileRef = 2CC530732D2329330051DBD0 /* PopBalloon.wav */; };
		2CC530762D232A050051DBD0 /* NumAppear.wav in Resources */ = {isa = PBXBuildFile; fileRef = 2CC530752D232A050051DBD0 /* NumAppear.wav */; };
		2CC530782D23E5250051DBD0 /* Button.mp3 in Resources */ = {isa = PBXBuildFile; fileRef = 2CC530772D23E5250051DBD0 /* Button.mp3 */; };
		2CC5307A2D23EDD70051DBD0 /* SplashScreen.sks in Resources */ = {isa = PBXBuildFile; fileRef = 2CC530792D23EDD70051DBD0 /* SplashScreen.sks */; };
		2CC5307C2D23EDEA0051DBD0 /* SplashScreen.swift in Sources */ = {isa = PBXBuildFile; fileRef = 2CC5307B2D23EDEA0051DBD0 /* SplashScreen.swift */; };
		2CF5E2732D0F10E7004632FF /* AppDelegate.swift in Sources */ = {isa = PBXBuildFile; fileRef = 2CF5E2722D0F10E7004632FF /* AppDelegate.swift */; };
		2CF5E2752D0F10E7004632FF /* Equation4.sks in Resources */ = {isa = PBXBuildFile; fileRef = 2CF5E2742D0F10E7004632FF /* Equation4.sks */; };
		2CF5E2772D0F10E7004632FF /* Actions.sks in Resources */ = {isa = PBXBuildFile; fileRef = 2CF5E2762D0F10E7004632FF /* Actions.sks */; };
		2CF5E2792D0F10E7004632FF /* Equation4.swift in Sources */ = {isa = PBXBuildFile; fileRef = 2CF5E2782D0F10E7004632FF /* Equation4.swift */; };
		2CF5E27B2D0F10E7004632FF /* GameViewController.swift in Sources */ = {isa = PBXBuildFile; fileRef = 2CF5E27A2D0F10E7004632FF /* GameViewController.swift */; };
		2CF5E27E2D0F10E7004632FF /* Base in Resources */ = {isa = PBXBuildFile; fileRef = 2CF5E27D2D0F10E7004632FF /* Base */; };
		2CF5E2802D0F10E8004632FF /* Assets.xcassets in Resources */ = {isa = PBXBuildFile; fileRef = 2CF5E27F2D0F10E8004632FF /* Assets.xcassets */; };
		2CF5E2832D0F10E8004632FF /* Base in Resources */ = {isa = PBXBuildFile; fileRef = 2CF5E2822D0F10E8004632FF /* Base */; };
		2CF5E2BB2D143E69004632FF /* WelcomeScreen.sks in Resources */ = {isa = PBXBuildFile; fileRef = 2CF5E2BA2D143E69004632FF /* WelcomeScreen.sks */; };
		2CF5E2BD2D143E85004632FF /* WelcomeScreen.swift in Sources */ = {isa = PBXBuildFile; fileRef = 2CF5E2BC2D143E85004632FF /* WelcomeScreen.swift */; };
		2CF5E2BF2D143F27004632FF /* ClownMap.sks in Resources */ = {isa = PBXBuildFile; fileRef = 2CF5E2BE2D143F27004632FF /* ClownMap.sks */; };
		2CF5E2C12D143F39004632FF /* ClownMap.swift in Sources */ = {isa = PBXBuildFile; fileRef = 2CF5E2C02D143F39004632FF /* ClownMap.swift */; };
		2CF5E2C72D14414A004632FF /* DragAndDrop1.sks in Resources */ = {isa = PBXBuildFile; fileRef = 2CF5E2C62D14414A004632FF /* DragAndDrop1.sks */; };
		2CF5E2C92D14415A004632FF /* DragAndDrop2.sks in Resources */ = {isa = PBXBuildFile; fileRef = 2CF5E2C82D14415A004632FF /* DragAndDrop2.sks */; };
		2CF5E2CB2D144167004632FF /* DragAndDrop3.sks in Resources */ = {isa = PBXBuildFile; fileRef = 2CF5E2CA2D144167004632FF /* DragAndDrop3.sks */; };
		2CF5E2CD2D144172004632FF /* DragAndDrop4.sks in Resources */ = {isa = PBXBuildFile; fileRef = 2CF5E2CC2D144172004632FF /* DragAndDrop4.sks */; };
		2CF5E2CF2D14417B004632FF /* DragAndDrop5.sks in Resources */ = {isa = PBXBuildFile; fileRef = 2CF5E2CE2D14417B004632FF /* DragAndDrop5.sks */; };
		2CF5E2D12D144199004632FF /* Equation1.swift in Sources */ = {isa = PBXBuildFile; fileRef = 2CF5E2D02D144199004632FF /* Equation1.swift */; };
		2CF5E2D32D1441BB004632FF /* Equation2.swift in Sources */ = {isa = PBXBuildFile; fileRef = 2CF5E2D22D1441BB004632FF /* Equation2.swift */; };
		2CF5E2D52D1441DF004632FF /* Equation1.sks in Resources */ = {isa = PBXBuildFile; fileRef = 2CF5E2D42D1441DF004632FF /* Equation1.sks */; };
		2CF5E2D72D1441EF004632FF /* Equation2.sks in Resources */ = {isa = PBXBuildFile; fileRef = 2CF5E2D62D1441EF004632FF /* Equation2.sks */; };
		2CF5E2D92D1441F6004632FF /* Equation3.sks in Resources */ = {isa = PBXBuildFile; fileRef = 2CF5E2D82D1441F6004632FF /* Equation3.sks */; };
		2CF5E2DB2D144209004632FF /* Equation5.sks in Resources */ = {isa = PBXBuildFile; fileRef = 2CF5E2DA2D144209004632FF /* Equation5.sks */; };
		2CF5E2E02D14449D004632FF /* DragAndDrop1.swift in Sources */ = {isa = PBXBuildFile; fileRef = 2CF5E2DF2D14449D004632FF /* DragAndDrop1.swift */; };
		2CF5E2E22D1444A5004632FF /* DragAndDrop2.swift in Sources */ = {isa = PBXBuildFile; fileRef = 2CF5E2E12D1444A5004632FF /* DragAndDrop2.swift */; };
		2CF5E2E42D1444B0004632FF /* DragAndDrop3.swift in Sources */ = {isa = PBXBuildFile; fileRef = 2CF5E2E32D1444B0004632FF /* DragAndDrop3.swift */; };
		2CF5E2E62D1444B8004632FF /* DragAndDrop4.swift in Sources */ = {isa = PBXBuildFile; fileRef = 2CF5E2E52D1444B8004632FF /* DragAndDrop4.swift */; };
		2CF5E2E82D1444C2004632FF /* DragAndDrop5.swift in Sources */ = {isa = PBXBuildFile; fileRef = 2CF5E2E72D1444C2004632FF /* DragAndDrop5.swift */; };
		2CF5E2EA2D1444D4004632FF /* Equation3.swift in Sources */ = {isa = PBXBuildFile; fileRef = 2CF5E2E92D1444D4004632FF /* Equation3.swift */; };
		2CF5E2EC2D1444DC004632FF /* Equation5.swift in Sources */ = {isa = PBXBuildFile; fileRef = 2CF5E2EB2D1444DC004632FF /* Equation5.swift */; };
		2CF5E2EE2D1446B4004632FF /* Number1.sks in Resources */ = {isa = PBXBuildFile; fileRef = 2CF5E2ED2D1446B4004632FF /* Number1.sks */; };
		2CF5E2F02D1446C4004632FF /* Number2.sks in Resources */ = {isa = PBXBuildFile; fileRef = 2CF5E2EF2D1446C4004632FF /* Number2.sks */; };
		2CF5E2F22D1446D3004632FF /* Number3.sks in Resources */ = {isa = PBXBuildFile; fileRef = 2CF5E2F12D1446D3004632FF /* Number3.sks */; };
		2CF5E2F42D1446E0004632FF /* Number4.sks in Resources */ = {isa = PBXBuildFile; fileRef = 2CF5E2F32D1446E0004632FF /* Number4.sks */; };
		2CF5E2F62D1446EA004632FF /* Number5.sks in Resources */ = {isa = PBXBuildFile; fileRef = 2CF5E2F52D1446EA004632FF /* Number5.sks */; };
		2CF5E2F82D1446F6004632FF /* Number6.sks in Resources */ = {isa = PBXBuildFile; fileRef = 2CF5E2F72D1446F6004632FF /* Number6.sks */; };
		2CF5E2FA2D1446FF004632FF /* Number7.sks in Resources */ = {isa = PBXBuildFile; fileRef = 2CF5E2F92D1446FF004632FF /* Number7.sks */; };
		2CF5E2FC2D144708004632FF /* Number8.sks in Resources */ = {isa = PBXBuildFile; fileRef = 2CF5E2FB2D144708004632FF /* Number8.sks */; };
		2CF5E2FE2D144710004632FF /* Number9.sks in Resources */ = {isa = PBXBuildFile; fileRef = 2CF5E2FD2D144710004632FF /* Number9.sks */; };
		2CF5E3002D14471C004632FF /* Number10.sks in Resources */ = {isa = PBXBuildFile; fileRef = 2CF5E2FF2D14471C004632FF /* Number10.sks */; };
		2CF5E3022D14472D004632FF /* Number1.swift in Sources */ = {isa = PBXBuildFile; fileRef = 2CF5E3012D14472D004632FF /* Number1.swift */; };
		2CF5E3042D144736004632FF /* Number2.swift in Sources */ = {isa = PBXBuildFile; fileRef = 2CF5E3032D144736004632FF /* Number2.swift */; };
		2CF5E3062D14473D004632FF /* Number3.swift in Sources */ = {isa = PBXBuildFile; fileRef = 2CF5E3052D14473D004632FF /* Number3.swift */; };
		2CF5E3082D144744004632FF /* Number4.swift in Sources */ = {isa = PBXBuildFile; fileRef = 2CF5E3072D144744004632FF /* Number4.swift */; };
		2CF5E30A2D14474A004632FF /* Number5.swift in Sources */ = {isa = PBXBuildFile; fileRef = 2CF5E3092D14474A004632FF /* Number5.swift */; };
		2CF5E30C2D144751004632FF /* Number6.swift in Sources */ = {isa = PBXBuildFile; fileRef = 2CF5E30B2D144751004632FF /* Number6.swift */; };
		2CF5E30E2D144758004632FF /* Number7.swift in Sources */ = {isa = PBXBuildFile; fileRef = 2CF5E30D2D144758004632FF /* Number7.swift */; };
		2CF5E3102D144760004632FF /* Number8.swift in Sources */ = {isa = PBXBuildFile; fileRef = 2CF5E30F2D144760004632FF /* Number8.swift */; };
		2CF5E3122D14476A004632FF /* Number9.swift in Sources */ = {isa = PBXBuildFile; fileRef = 2CF5E3112D14476A004632FF /* Number9.swift */; };
		2CF5E3142D144771004632FF /* Number10.swift in Sources */ = {isa = PBXBuildFile; fileRef = 2CF5E3132D144771004632FF /* Number10.swift */; };
		2CF5E3162D16FF5D004632FF /* Model.swift in Sources */ = {isa = PBXBuildFile; fileRef = 2CF5E3152D16FF5D004632FF /* Model.swift */; };
		FC3C77C12D23F33600ECBE05 /* ENTryagain.wav in Resources */ = {isa = PBXBuildFile; fileRef = FC3C77C02D23F33600ECBE05 /* ENTryagain.wav */; };
		FC3C77C32D23F33E00ECBE05 /* ENExellent.wav in Resources */ = {isa = PBXBuildFile; fileRef = FC3C77C22D23F33E00ECBE05 /* ENExellent.wav */; };
		FC3C77C52D23F35F00ECBE05 /* ARTryagain.mp3 in Resources */ = {isa = PBXBuildFile; fileRef = FC3C77C42D23F35F00ECBE05 /* ARTryagain.mp3 */; };
		FC3C77C72D23F37200ECBE05 /* ARExellent.mp3 in Resources */ = {isa = PBXBuildFile; fileRef = FC3C77C62D23F37200ECBE05 /* ARExellent.mp3 */; };
		FC8FF0E62D10496700CA301A /* Localizable.xcstrings in Resources */ = {isa = PBXBuildFile; fileRef = FC8FF0E52D10496700CA301A /* Localizable.xcstrings */; };
		FCFC9E092D1AF0F00097CA2A /* A lets play.mp3 in Resources */ = {isa = PBXBuildFile; fileRef = FCFC9E082D1AF0F00097CA2A /* A lets play.mp3 */; };
		FCFC9E0D2D1AF1260097CA2A /* A pop.mp3 in Resources */ = {isa = PBXBuildFile; fileRef = FCFC9E0C2D1AF1260097CA2A /* A pop.mp3 */; };
		FCFC9E0F2D1AFA000097CA2A /* AMakeCotton.mp3 in Resources */ = {isa = PBXBuildFile; fileRef = FCFC9E0E2D1AFA000097CA2A /* AMakeCotton.mp3 */; };
		FCFC9E112D1AFB090097CA2A /* A1.mp3 in Resources */ = {isa = PBXBuildFile; fileRef = FCFC9E102D1AFB090097CA2A /* A1.mp3 */; };
		FCFC9E132D1AFB130097CA2A /* A2.mp3 in Resources */ = {isa = PBXBuildFile; fileRef = FCFC9E122D1AFB130097CA2A /* A2.mp3 */; };
		FCFC9E152D1AFB230097CA2A /* A3.mp3 in Resources */ = {isa = PBXBuildFile; fileRef = FCFC9E142D1AFB230097CA2A /* A3.mp3 */; };
		FCFC9E172D1AFB360097CA2A /* A4.mp3 in Resources */ = {isa = PBXBuildFile; fileRef = FCFC9E162D1AFB360097CA2A /* A4.mp3 */; };
		FCFC9E192D1AFB400097CA2A /* A5.mp3 in Resources */ = {isa = PBXBuildFile; fileRef = FCFC9E182D1AFB400097CA2A /* A5.mp3 */; };
		FCFC9E1B2D1AFB4B0097CA2A /* A6.mp3 in Resources */ = {isa = PBXBuildFile; fileRef = FCFC9E1A2D1AFB4B0097CA2A /* A6.mp3 */; };
		FCFC9E1D2D1AFB620097CA2A /* A7.mp3 in Resources */ = {isa = PBXBuildFile; fileRef = FCFC9E1C2D1AFB620097CA2A /* A7.mp3 */; };
		FCFC9EFC2D1EA5450097CA2A /* ARCountCotton.mp3 in Resources */ = {isa = PBXBuildFile; fileRef = FCFC9EFB2D1EA5450097CA2A /* ARCountCotton.mp3 */; };
		FCFC9F0C2D1EBABC0097CA2A /* ENcountCotton.wav in Resources */ = {isa = PBXBuildFile; fileRef = FCFC9F0B2D1EBABC0097CA2A /* ENcountCotton.wav */; };
		FCFC9F0E2D1EBAC50097CA2A /* ENmakeCotton.wav in Resources */ = {isa = PBXBuildFile; fileRef = FCFC9F0D2D1EBAC50097CA2A /* ENmakeCotton.wav */; };
/* End PBXBuildFile section */

/* Begin PBXFileReference section */
		2A6748882D22694A0021C45C /* Sub1.sks */ = {isa = PBXFileReference; lastKnownFileType = file.sks; path = Sub1.sks; sourceTree = SOURCE_ROOT; };
		2A6748A22D22C0FB0021C45C /* sub2.sks */ = {isa = PBXFileReference; lastKnownFileType = file.sks; path = sub2.sks; sourceTree = SOURCE_ROOT; };
		2A6748A42D22D3820021C45C /* Sub5.swift */ = {isa = PBXFileReference; lastKnownFileType = sourcecode.swift; path = Sub5.swift; sourceTree = "<group>"; };
		2A6748A62D22D3900021C45C /* Sub6.swift */ = {isa = PBXFileReference; lastKnownFileType = sourcecode.swift; path = Sub6.swift; sourceTree = "<group>"; };
		2A6748A82D22D39D0021C45C /* Sub7.swift */ = {isa = PBXFileReference; lastKnownFileType = sourcecode.swift; path = Sub7.swift; sourceTree = "<group>"; };
		2A6748AA2D22D3AA0021C45C /* Sub8.swift */ = {isa = PBXFileReference; lastKnownFileType = sourcecode.swift; path = Sub8.swift; sourceTree = "<group>"; };
		2A6748AE2D231DB10021C45C /* wrongAnswer.wav */ = {isa = PBXFileReference; lastKnownFileType = audio.wav; path = wrongAnswer.wav; sourceTree = "<group>"; };
		2A6748B02D231DE70021C45C /* correctAnswer.wav */ = {isa = PBXFileReference; lastKnownFileType = audio.wav; path = correctAnswer.wav; sourceTree = "<group>"; };
		2A6748B82D23D9210021C45C /* Bdrop.wav */ = {isa = PBXFileReference; lastKnownFileType = audio.wav; path = Bdrop.wav; sourceTree = "<group>"; };
		2A6748BA2D23E9FC0021C45C /* Our-butten-click.mp3 */ = {isa = PBXFileReference; lastKnownFileType = audio.mp3; path = "Our-butten-click.mp3"; sourceTree = "<group>"; };
		2C794B982D2055DB006AA61A /* Sub1.swift */ = {isa = PBXFileReference; lastKnownFileType = sourcecode.swift; path = Sub1.swift; sourceTree = "<group>"; };
		2C794B9A2D2055FE006AA61A /* Sub2.swift */ = {isa = PBXFileReference; lastKnownFileType = sourcecode.swift; path = Sub2.swift; sourceTree = "<group>"; };
		2C794B9C2D205627006AA61A /* Sub3.swift */ = {isa = PBXFileReference; lastKnownFileType = sourcecode.swift; path = Sub3.swift; sourceTree = "<group>"; };
		2C794B9E2D20563C006AA61A /* Sub4.swift */ = {isa = PBXFileReference; lastKnownFileType = sourcecode.swift; path = Sub4.swift; sourceTree = "<group>"; };
		2C89BA172D19A861004CFBB2 /* Clown.wav */ = {isa = PBXFileReference; lastKnownFileType = audio.wav; name = Clown.wav; path = ../../../../../Downloads/Clown.wav; sourceTree = "<group>"; };
		2C89BA1B2D19B062004CFBB2 /* guess.wav */ = {isa = PBXFileReference; lastKnownFileType = audio.wav; path = guess.wav; sourceTree = "<group>"; };
		2CC5306C2D22DC720051DBD0 /* AExcellentnext.mp3 */ = {isa = PBXFileReference; lastKnownFileType = audio.mp3; path = AExcellentnext.mp3; sourceTree = "<group>"; };
		2CC530732D2329330051DBD0 /* PopBalloon.wav */ = {isa = PBXFileReference; lastKnownFileType = audio.wav; path = PopBalloon.wav; sourceTree = "<group>"; };
		2CC530752D232A050051DBD0 /* NumAppear.wav */ = {isa = PBXFileReference; lastKnownFileType = audio.wav; path = NumAppear.wav; sourceTree = "<group>"; };
		2CC530772D23E5250051DBD0 /* Button.mp3 */ = {isa = PBXFileReference; lastKnownFileType = audio.mp3; path = Button.mp3; sourceTree = "<group>"; };
		2CC530792D23EDD70051DBD0 /* SplashScreen.sks */ = {isa = PBXFileReference; lastKnownFileType = file.sks; path = SplashScreen.sks; sourceTree = "<group>"; };
		2CC5307B2D23EDEA0051DBD0 /* SplashScreen.swift */ = {isa = PBXFileReference; lastKnownFileType = sourcecode.swift; path = SplashScreen.swift; sourceTree = "<group>"; };
		2CF5E26F2D0F10E7004632FF /* DyscalcLand.app */ = {isa = PBXFileReference; explicitFileType = wrapper.application; includeInIndex = 0; path = DyscalcLand.app; sourceTree = BUILT_PRODUCTS_DIR; };
		2CF5E2722D0F10E7004632FF /* AppDelegate.swift */ = {isa = PBXFileReference; lastKnownFileType = sourcecode.swift; path = AppDelegate.swift; sourceTree = "<group>"; };
		2CF5E2742D0F10E7004632FF /* Equation4.sks */ = {isa = PBXFileReference; lastKnownFileType = file.sks; path = Equation4.sks; sourceTree = "<group>"; };
		2CF5E2762D0F10E7004632FF /* Actions.sks */ = {isa = PBXFileReference; lastKnownFileType = file.sks; path = Actions.sks; sourceTree = "<group>"; };
		2CF5E2782D0F10E7004632FF /* Equation4.swift */ = {isa = PBXFileReference; lastKnownFileType = sourcecode.swift; path = Equation4.swift; sourceTree = "<group>"; };
		2CF5E27A2D0F10E7004632FF /* GameViewController.swift */ = {isa = PBXFileReference; lastKnownFileType = sourcecode.swift; path = GameViewController.swift; sourceTree = "<group>"; };
		2CF5E27D2D0F10E7004632FF /* Base */ = {isa = PBXFileReference; lastKnownFileType = file.storyboard; name = Base; path = Base.lproj/Main.storyboard; sourceTree = "<group>"; };
		2CF5E27F2D0F10E8004632FF /* Assets.xcassets */ = {isa = PBXFileReference; lastKnownFileType = folder.assetcatalog; path = Assets.xcassets; sourceTree = "<group>"; };
		2CF5E2822D0F10E8004632FF /* Base */ = {isa = PBXFileReference; lastKnownFileType = file.storyboard; name = Base; path = Base.lproj/LaunchScreen.storyboard; sourceTree = "<group>"; };
		2CF5E2BA2D143E69004632FF /* WelcomeScreen.sks */ = {isa = PBXFileReference; lastKnownFileType = file.sks; path = WelcomeScreen.sks; sourceTree = "<group>"; };
		2CF5E2BC2D143E85004632FF /* WelcomeScreen.swift */ = {isa = PBXFileReference; lastKnownFileType = sourcecode.swift; path = WelcomeScreen.swift; sourceTree = "<group>"; };
		2CF5E2BE2D143F27004632FF /* ClownMap.sks */ = {isa = PBXFileReference; lastKnownFileType = file.sks; path = ClownMap.sks; sourceTree = "<group>"; };
		2CF5E2C02D143F39004632FF /* ClownMap.swift */ = {isa = PBXFileReference; lastKnownFileType = sourcecode.swift; path = ClownMap.swift; sourceTree = "<group>"; };
		2CF5E2C62D14414A004632FF /* DragAndDrop1.sks */ = {isa = PBXFileReference; lastKnownFileType = file.sks; path = DragAndDrop1.sks; sourceTree = "<group>"; };
		2CF5E2C82D14415A004632FF /* DragAndDrop2.sks */ = {isa = PBXFileReference; lastKnownFileType = file.sks; path = DragAndDrop2.sks; sourceTree = "<group>"; };
		2CF5E2CA2D144167004632FF /* DragAndDrop3.sks */ = {isa = PBXFileReference; lastKnownFileType = file.sks; path = DragAndDrop3.sks; sourceTree = "<group>"; };
		2CF5E2CC2D144172004632FF /* DragAndDrop4.sks */ = {isa = PBXFileReference; lastKnownFileType = file.sks; path = DragAndDrop4.sks; sourceTree = "<group>"; };
		2CF5E2CE2D14417B004632FF /* DragAndDrop5.sks */ = {isa = PBXFileReference; lastKnownFileType = file.sks; path = DragAndDrop5.sks; sourceTree = "<group>"; };
		2CF5E2D02D144199004632FF /* Equation1.swift */ = {isa = PBXFileReference; lastKnownFileType = sourcecode.swift; path = Equation1.swift; sourceTree = "<group>"; };
		2CF5E2D22D1441BB004632FF /* Equation2.swift */ = {isa = PBXFileReference; lastKnownFileType = sourcecode.swift; path = Equation2.swift; sourceTree = "<group>"; };
		2CF5E2D42D1441DF004632FF /* Equation1.sks */ = {isa = PBXFileReference; lastKnownFileType = file.sks; path = Equation1.sks; sourceTree = "<group>"; };
		2CF5E2D62D1441EF004632FF /* Equation2.sks */ = {isa = PBXFileReference; lastKnownFileType = file.sks; path = Equation2.sks; sourceTree = "<group>"; };
		2CF5E2D82D1441F6004632FF /* Equation3.sks */ = {isa = PBXFileReference; lastKnownFileType = file.sks; path = Equation3.sks; sourceTree = "<group>"; };
		2CF5E2DA2D144209004632FF /* Equation5.sks */ = {isa = PBXFileReference; lastKnownFileType = file.sks; path = Equation5.sks; sourceTree = "<group>"; };
		2CF5E2DF2D14449D004632FF /* DragAndDrop1.swift */ = {isa = PBXFileReference; lastKnownFileType = sourcecode.swift; path = DragAndDrop1.swift; sourceTree = "<group>"; };
		2CF5E2E12D1444A5004632FF /* DragAndDrop2.swift */ = {isa = PBXFileReference; lastKnownFileType = sourcecode.swift; path = DragAndDrop2.swift; sourceTree = "<group>"; };
		2CF5E2E32D1444B0004632FF /* DragAndDrop3.swift */ = {isa = PBXFileReference; lastKnownFileType = sourcecode.swift; path = DragAndDrop3.swift; sourceTree = "<group>"; };
		2CF5E2E52D1444B8004632FF /* DragAndDrop4.swift */ = {isa = PBXFileReference; lastKnownFileType = sourcecode.swift; path = DragAndDrop4.swift; sourceTree = "<group>"; };
		2CF5E2E72D1444C2004632FF /* DragAndDrop5.swift */ = {isa = PBXFileReference; lastKnownFileType = sourcecode.swift; path = DragAndDrop5.swift; sourceTree = "<group>"; };
		2CF5E2E92D1444D4004632FF /* Equation3.swift */ = {isa = PBXFileReference; lastKnownFileType = sourcecode.swift; path = Equation3.swift; sourceTree = "<group>"; };
		2CF5E2EB2D1444DC004632FF /* Equation5.swift */ = {isa = PBXFileReference; lastKnownFileType = sourcecode.swift; path = Equation5.swift; sourceTree = "<group>"; };
		2CF5E2ED2D1446B4004632FF /* Number1.sks */ = {isa = PBXFileReference; lastKnownFileType = file.sks; path = Number1.sks; sourceTree = "<group>"; };
		2CF5E2EF2D1446C4004632FF /* Number2.sks */ = {isa = PBXFileReference; lastKnownFileType = file.sks; path = Number2.sks; sourceTree = "<group>"; };
		2CF5E2F12D1446D3004632FF /* Number3.sks */ = {isa = PBXFileReference; lastKnownFileType = file.sks; path = Number3.sks; sourceTree = "<group>"; };
		2CF5E2F32D1446E0004632FF /* Number4.sks */ = {isa = PBXFileReference; lastKnownFileType = file.sks; path = Number4.sks; sourceTree = "<group>"; };
		2CF5E2F52D1446EA004632FF /* Number5.sks */ = {isa = PBXFileReference; lastKnownFileType = file.sks; path = Number5.sks; sourceTree = "<group>"; };
		2CF5E2F72D1446F6004632FF /* Number6.sks */ = {isa = PBXFileReference; lastKnownFileType = file.sks; path = Number6.sks; sourceTree = "<group>"; };
		2CF5E2F92D1446FF004632FF /* Number7.sks */ = {isa = PBXFileReference; lastKnownFileType = file.sks; path = Number7.sks; sourceTree = "<group>"; };
		2CF5E2FB2D144708004632FF /* Number8.sks */ = {isa = PBXFileReference; lastKnownFileType = file.sks; path = Number8.sks; sourceTree = "<group>"; };
		2CF5E2FD2D144710004632FF /* Number9.sks */ = {isa = PBXFileReference; lastKnownFileType = file.sks; path = Number9.sks; sourceTree = "<group>"; };
		2CF5E2FF2D14471C004632FF /* Number10.sks */ = {isa = PBXFileReference; lastKnownFileType = file.sks; path = Number10.sks; sourceTree = "<group>"; };
		2CF5E3012D14472D004632FF /* Number1.swift */ = {isa = PBXFileReference; lastKnownFileType = sourcecode.swift; path = Number1.swift; sourceTree = "<group>"; };
		2CF5E3032D144736004632FF /* Number2.swift */ = {isa = PBXFileReference; lastKnownFileType = sourcecode.swift; path = Number2.swift; sourceTree = "<group>"; };
		2CF5E3052D14473D004632FF /* Number3.swift */ = {isa = PBXFileReference; lastKnownFileType = sourcecode.swift; path = Number3.swift; sourceTree = "<group>"; };
		2CF5E3072D144744004632FF /* Number4.swift */ = {isa = PBXFileReference; lastKnownFileType = sourcecode.swift; path = Number4.swift; sourceTree = "<group>"; };
		2CF5E3092D14474A004632FF /* Number5.swift */ = {isa = PBXFileReference; lastKnownFileType = sourcecode.swift; path = Number5.swift; sourceTree = "<group>"; };
		2CF5E30B2D144751004632FF /* Number6.swift */ = {isa = PBXFileReference; lastKnownFileType = sourcecode.swift; path = Number6.swift; sourceTree = "<group>"; };
		2CF5E30D2D144758004632FF /* Number7.swift */ = {isa = PBXFileReference; lastKnownFileType = sourcecode.swift; path = Number7.swift; sourceTree = "<group>"; };
		2CF5E30F2D144760004632FF /* Number8.swift */ = {isa = PBXFileReference; lastKnownFileType = sourcecode.swift; path = Number8.swift; sourceTree = "<group>"; };
		2CF5E3112D14476A004632FF /* Number9.swift */ = {isa = PBXFileReference; lastKnownFileType = sourcecode.swift; path = Number9.swift; sourceTree = "<group>"; };
		2CF5E3132D144771004632FF /* Number10.swift */ = {isa = PBXFileReference; lastKnownFileType = sourcecode.swift; path = Number10.swift; sourceTree = "<group>"; };
		2CF5E3152D16FF5D004632FF /* Model.swift */ = {isa = PBXFileReference; lastKnownFileType = sourcecode.swift; path = Model.swift; sourceTree = "<group>"; };
		FC3C77C02D23F33600ECBE05 /* ENTryagain.wav */ = {isa = PBXFileReference; lastKnownFileType = audio.wav; path = ENTryagain.wav; sourceTree = "<group>"; };
		FC3C77C22D23F33E00ECBE05 /* ENExellent.wav */ = {isa = PBXFileReference; lastKnownFileType = audio.wav; path = ENExellent.wav; sourceTree = "<group>"; };
		FC3C77C42D23F35F00ECBE05 /* ARTryagain.mp3 */ = {isa = PBXFileReference; lastKnownFileType = audio.mp3; path = ARTryagain.mp3; sourceTree = "<group>"; };
		FC3C77C62D23F37200ECBE05 /* ARExellent.mp3 */ = {isa = PBXFileReference; lastKnownFileType = audio.mp3; path = ARExellent.mp3; sourceTree = "<group>"; };
		FC8FF0E52D10496700CA301A /* Localizable.xcstrings */ = {isa = PBXFileReference; lastKnownFileType = text.json.xcstrings; path = Localizable.xcstrings; sourceTree = "<group>"; };
		FCFC9E082D1AF0F00097CA2A /* A lets play.mp3 */ = {isa = PBXFileReference; lastKnownFileType = audio.mp3; path = "A lets play.mp3"; sourceTree = "<group>"; };
		FCFC9E0C2D1AF1260097CA2A /* A pop.mp3 */ = {isa = PBXFileReference; lastKnownFileType = audio.mp3; path = "A pop.mp3"; sourceTree = "<group>"; };
		FCFC9E0E2D1AFA000097CA2A /* AMakeCotton.mp3 */ = {isa = PBXFileReference; lastKnownFileType = audio.mp3; path = AMakeCotton.mp3; sourceTree = "<group>"; };
		FCFC9E102D1AFB090097CA2A /* A1.mp3 */ = {isa = PBXFileReference; lastKnownFileType = audio.mp3; path = A1.mp3; sourceTree = "<group>"; };
		FCFC9E122D1AFB130097CA2A /* A2.mp3 */ = {isa = PBXFileReference; lastKnownFileType = audio.mp3; path = A2.mp3; sourceTree = "<group>"; };
		FCFC9E142D1AFB230097CA2A /* A3.mp3 */ = {isa = PBXFileReference; lastKnownFileType = audio.mp3; path = A3.mp3; sourceTree = "<group>"; };
		FCFC9E162D1AFB360097CA2A /* A4.mp3 */ = {isa = PBXFileReference; lastKnownFileType = audio.mp3; path = A4.mp3; sourceTree = "<group>"; };
		FCFC9E182D1AFB400097CA2A /* A5.mp3 */ = {isa = PBXFileReference; lastKnownFileType = audio.mp3; path = A5.mp3; sourceTree = "<group>"; };
		FCFC9E1A2D1AFB4B0097CA2A /* A6.mp3 */ = {isa = PBXFileReference; lastKnownFileType = audio.mp3; path = A6.mp3; sourceTree = "<group>"; };
		FCFC9E1C2D1AFB620097CA2A /* A7.mp3 */ = {isa = PBXFileReference; lastKnownFileType = audio.mp3; path = A7.mp3; sourceTree = "<group>"; };
		FCFC9EFB2D1EA5450097CA2A /* ARCountCotton.mp3 */ = {isa = PBXFileReference; lastKnownFileType = audio.mp3; path = ARCountCotton.mp3; sourceTree = "<group>"; };
		FCFC9F0B2D1EBABC0097CA2A /* ENcountCotton.wav */ = {isa = PBXFileReference; lastKnownFileType = audio.wav; path = ENcountCotton.wav; sourceTree = "<group>"; };
		FCFC9F0D2D1EBAC50097CA2A /* ENmakeCotton.wav */ = {isa = PBXFileReference; lastKnownFileType = audio.wav; path = ENmakeCotton.wav; sourceTree = "<group>"; };
/* End PBXFileReference section */

/* Begin PBXFrameworksBuildPhase section */
		2CF5E26C2D0F10E7004632FF /* Frameworks */ = {
			isa = PBXFrameworksBuildPhase;
			buildActionMask = 2147483647;
			files = (
			);
			runOnlyForDeploymentPostprocessing = 0;
		};
/* End PBXFrameworksBuildPhase section */

/* Begin PBXGroup section */
		2C89BA102D198E9D004CFBB2 /* Sounds */ = {
			isa = PBXGroup;
			children = (
				2CC5306C2D22DC720051DBD0 /* AExcellentnext.mp3 */,
				FCFC9E0C2D1AF1260097CA2A /* A pop.mp3 */,
				2CC530772D23E5250051DBD0 /* Button.mp3 */,
				2C89BA1B2D19B062004CFBB2 /* guess.wav */,
				FCFC9E082D1AF0F00097CA2A /* A lets play.mp3 */,
				FCFC9E102D1AFB090097CA2A /* A1.mp3 */,
				2A6748BA2D23E9FC0021C45C /* Our-butten-click.mp3 */,
				FCFC9E122D1AFB130097CA2A /* A2.mp3 */,
				2CC530732D2329330051DBD0 /* PopBalloon.wav */,
				FCFC9E142D1AFB230097CA2A /* A3.mp3 */,
				2CC530752D232A050051DBD0 /* NumAppear.wav */,
				FCFC9E162D1AFB360097CA2A /* A4.mp3 */,
				FCFC9E182D1AFB400097CA2A /* A5.mp3 */,
				2A6748B02D231DE70021C45C /* correctAnswer.wav */,
				2A6748AE2D231DB10021C45C /* wrongAnswer.wav */,
				2A6748B82D23D9210021C45C /* Bdrop.wav */,
				FCFC9E1A2D1AFB4B0097CA2A /* A6.mp3 */,
				FCFC9E1C2D1AFB620097CA2A /* A7.mp3 */,
				FCFC9EFB2D1EA5450097CA2A /* ARCountCotton.mp3 */,
				FCFC9E0E2D1AFA000097CA2A /* AMakeCotton.mp3 */,
				FCFC9F0B2D1EBABC0097CA2A /* ENcountCotton.wav */,
				FCFC9F0D2D1EBAC50097CA2A /* ENmakeCotton.wav */,
				FC3C77C02D23F33600ECBE05 /* ENTryagain.wav */,
				FC3C77C42D23F35F00ECBE05 /* ARTryagain.mp3 */,
				FC3C77C22D23F33E00ECBE05 /* ENExellent.wav */,
				FC3C77C62D23F37200ECBE05 /* ARExellent.mp3 */,
			);
			path = Sounds;
			sourceTree = "<group>";
		};
		2C89BA3B2D1AD6A3004CFBB2 /* SLevel1 */ = {
			isa = PBXGroup;
			children = (
				2A6748882D22694A0021C45C /* Sub1.sks */,
				2A6748A22D22C0FB0021C45C /* sub2.sks */,
			);
			path = SLevel1;
			sourceTree = "<group>";
		};
		2C89BA3E2D1AD827004CFBB2 /* SLevel2 */ = {
			isa = PBXGroup;
			children = (
			);
			path = SLevel2;
			sourceTree = "<group>";
		};
		2C89BA3F2D1AD83F004CFBB2 /* SLevel3 */ = {
			isa = PBXGroup;
			children = (
			);
			path = SLevel3;
			sourceTree = "<group>";
		};
		2C89BA402D1AD859004CFBB2 /* SLevel4 */ = {
			isa = PBXGroup;
			children = (
			);
			path = SLevel4;
			sourceTree = "<group>";
		};
		2C89BA422D1AD8A4004CFBB2 /* NLevel1 */ = {
			isa = PBXGroup;
			children = (
				2CF5E2ED2D1446B4004632FF /* Number1.sks */,
				2CF5E2EF2D1446C4004632FF /* Number2.sks */,
				2CF5E2F12D1446D3004632FF /* Number3.sks */,
				2CF5E2F32D1446E0004632FF /* Number4.sks */,
				2CF5E2F52D1446EA004632FF /* Number5.sks */,
			);
			path = NLevel1;
			sourceTree = "<group>";
		};
		2C89BA432D1AD8C6004CFBB2 /* NLevel2 */ = {
			isa = PBXGroup;
			children = (
				2CF5E2F72D1446F6004632FF /* Number6.sks */,
				2CF5E2F92D1446FF004632FF /* Number7.sks */,
				2CF5E2FB2D144708004632FF /* Number8.sks */,
				2CF5E2FD2D144710004632FF /* Number9.sks */,
				2CF5E2FF2D14471C004632FF /* Number10.sks */,
			);
			path = NLevel2;
			sourceTree = "<group>";
		};
		2C89BA442D1AD8EC004CFBB2 /* ALevel1 */ = {
			isa = PBXGroup;
			children = (
				2CF5E2C62D14414A004632FF /* DragAndDrop1.sks */,
				2CF5E2D42D1441DF004632FF /* Equation1.sks */,
			);
			path = ALevel1;
			sourceTree = "<group>";
		};
		2C89BA452D1AD904004CFBB2 /* ALevel2 */ = {
			isa = PBXGroup;
			children = (
				2CF5E2C82D14415A004632FF /* DragAndDrop2.sks */,
				2CF5E2D62D1441EF004632FF /* Equation2.sks */,
			);
			path = ALevel2;
			sourceTree = "<group>";
		};
		2C89BA462D1AD928004CFBB2 /* ALevel3 */ = {
			isa = PBXGroup;
			children = (
				2CF5E2CA2D144167004632FF /* DragAndDrop3.sks */,
				2CF5E2D82D1441F6004632FF /* Equation3.sks */,
			);
			path = ALevel3;
			sourceTree = "<group>";
		};
		2C89BA472D1AD941004CFBB2 /* ALevel4 */ = {
			isa = PBXGroup;
			children = (
				2CF5E2CC2D144172004632FF /* DragAndDrop4.sks */,
				2CF5E2742D0F10E7004632FF /* Equation4.sks */,
			);
			path = ALevel4;
			sourceTree = "<group>";
		};
		2C89BA482D1AD958004CFBB2 /* ALevel5 */ = {
			isa = PBXGroup;
			children = (
				2CF5E2CE2D14417B004632FF /* DragAndDrop5.sks */,
				2CF5E2DA2D144209004632FF /* Equation5.sks */,
			);
			path = ALevel5;
			sourceTree = "<group>";
		};
		2C89BA492D1AD9A4004CFBB2 /* NLevel1 */ = {
			isa = PBXGroup;
			children = (
				2CF5E3012D14472D004632FF /* Number1.swift */,
				2CF5E3032D144736004632FF /* Number2.swift */,
				2CF5E3052D14473D004632FF /* Number3.swift */,
				2CF5E3072D144744004632FF /* Number4.swift */,
				2CF5E3092D14474A004632FF /* Number5.swift */,
			);
			path = NLevel1;
			sourceTree = "<group>";
		};
		2C89BA4A2D1AD9BD004CFBB2 /* NLevel2 */ = {
			isa = PBXGroup;
			children = (
				2CF5E30B2D144751004632FF /* Number6.swift */,
				2CF5E30D2D144758004632FF /* Number7.swift */,
				2CF5E30F2D144760004632FF /* Number8.swift */,
				2CF5E3112D14476A004632FF /* Number9.swift */,
				2CF5E3132D144771004632FF /* Number10.swift */,
			);
			path = NLevel2;
			sourceTree = "<group>";
		};
		2C89BA4B2D1AD9D6004CFBB2 /* ALevel1 */ = {
			isa = PBXGroup;
			children = (
				2CF5E2DF2D14449D004632FF /* DragAndDrop1.swift */,
				2CF5E2D02D144199004632FF /* Equation1.swift */,
			);
			path = ALevel1;
			sourceTree = "<group>";
		};
		2C89BA4C2D1AD9E7004CFBB2 /* ALevel2 */ = {
			isa = PBXGroup;
			children = (
				2CF5E2E12D1444A5004632FF /* DragAndDrop2.swift */,
				2CF5E2D22D1441BB004632FF /* Equation2.swift */,
			);
			path = ALevel2;
			sourceTree = "<group>";
		};
		2C89BA4D2D1AD9F7004CFBB2 /* ALevel3 */ = {
			isa = PBXGroup;
			children = (
				2CF5E2E32D1444B0004632FF /* DragAndDrop3.swift */,
				2CF5E2E92D1444D4004632FF /* Equation3.swift */,
			);
			path = ALevel3;
			sourceTree = "<group>";
		};
		2C89BA4E2D1ADA0B004CFBB2 /* ALevel4 */ = {
			isa = PBXGroup;
			children = (
				2CF5E2E52D1444B8004632FF /* DragAndDrop4.swift */,
				2CF5E2782D0F10E7004632FF /* Equation4.swift */,
			);
			path = ALevel4;
			sourceTree = "<group>";
		};
		2C89BA4F2D1ADA25004CFBB2 /* ALevel5 */ = {
			isa = PBXGroup;
			children = (
				2CF5E2E72D1444C2004632FF /* DragAndDrop5.swift */,
				2CF5E2EB2D1444DC004632FF /* Equation5.swift */,
			);
			path = ALevel5;
			sourceTree = "<group>";
		};
		2C89BA6E2D1ADAE8004CFBB2 /* SLevel1 */ = {
			isa = PBXGroup;
			children = (
				2C794B982D2055DB006AA61A /* Sub1.swift */,
				2C794B9A2D2055FE006AA61A /* Sub2.swift */,
			);
			path = SLevel1;
			sourceTree = "<group>";
		};
		2C89BA6F2D1ADAF8004CFBB2 /* SLevel2 */ = {
			isa = PBXGroup;
			children = (
				2C794B9C2D205627006AA61A /* Sub3.swift */,
				2C794B9E2D20563C006AA61A /* Sub4.swift */,
			);
			path = SLevel2;
			sourceTree = "<group>";
		};
		2C89BA702D1ADB03004CFBB2 /* SLevel3 */ = {
			isa = PBXGroup;
			children = (
				2A6748A42D22D3820021C45C /* Sub5.swift */,
				2A6748A62D22D3900021C45C /* Sub6.swift */,
			);
			path = SLevel3;
			sourceTree = "<group>";
		};
		2C89BA712D1ADB12004CFBB2 /* SLevel4 */ = {
			isa = PBXGroup;
			children = (
				2A6748A82D22D39D0021C45C /* Sub7.swift */,
				2A6748AA2D22D3AA0021C45C /* Sub8.swift */,
			);
			path = SLevel4;
			sourceTree = "<group>";
		};
		2CC5306E2D22E9F80051DBD0 /* Recovered References */ = {
			isa = PBXGroup;
			children = (
				2A6748A22D22C0FB0021C45C /* sub2.sks */,
				FC3C77BE2D22E1CE00ECBE05 /* NumAppear.wav */,
				FC3C77BC2D22E1AF00ECBE05 /* PopBalloon.wav */,
			);
			name = "Recovered References";
			sourceTree = "<group>";
		};
		2CF5E2662D0F10E7004632FF = {
			isa = PBXGroup;
			children = (
				2CF5E2712D0F10E7004632FF /* DyscalcLand */,
				2CF5E2702D0F10E7004632FF /* Products */,
				2CC5306E2D22E9F80051DBD0 /* Recovered References */,
			);
			sourceTree = "<group>";
		};
		2CF5E2702D0F10E7004632FF /* Products */ = {
			isa = PBXGroup;
			children = (
				2CF5E26F2D0F10E7004632FF /* DyscalcLand.app */,
			);
			name = Products;
			sourceTree = "<group>";
		};
		2CF5E2712D0F10E7004632FF /* DyscalcLand */ = {
			isa = PBXGroup;
			children = (
				2CF5E2722D0F10E7004632FF /* AppDelegate.swift */,
				2CF5E27A2D0F10E7004632FF /* GameViewController.swift */,
				2CF5E2B72D1437A5004632FF /* Scene */,
				2CF5E2B82D1437BF004632FF /* SceneModel */,
				2CF5E2B92D143B48004632FF /* Model */,
				2C89BA102D198E9D004CFBB2 /* Sounds */,
				2CF5E27C2D0F10E7004632FF /* Main.storyboard */,
				2CF5E27F2D0F10E8004632FF /* Assets.xcassets */,
				2CF5E2812D0F10E8004632FF /* LaunchScreen.storyboard */,
			);
			path = DyscalcLand;
			sourceTree = "<group>";
		};
		2CF5E2B72D1437A5004632FF /* Scene */ = {
			isa = PBXGroup;
			children = (
				2CF5E2C22D143F69004632FF /* NumericScene */,
				2CF5E2C42D14400E004632FF /* AdditionSene */,
				2CF5E2C52D144025004632FF /* SubtractionScene */,
				2CF5E2762D0F10E7004632FF /* Actions.sks */,
				2CC530792D23EDD70051DBD0 /* SplashScreen.sks */,
				2CF5E2BA2D143E69004632FF /* WelcomeScreen.sks */,
				2CF5E2BE2D143F27004632FF /* ClownMap.sks */,
			);
			path = Scene;
			sourceTree = "<group>";
		};
		2CF5E2B82D1437BF004632FF /* SceneModel */ = {
			isa = PBXGroup;
			children = (
				2CF5E2DC2D144360004632FF /* NumericSceneModule */,
				2CF5E2DD2D144383004632FF /* AdditionSceneModule */,
				2CF5E2DE2D144399004632FF /* SubtractionSceneModule */,
				2CF5E2BC2D143E85004632FF /* WelcomeScreen.swift */,
				2CF5E2C02D143F39004632FF /* ClownMap.swift */,
				2CC5307B2D23EDEA0051DBD0 /* SplashScreen.swift */,
				FC8FF0E52D10496700CA301A /* Localizable.xcstrings */,
			);
			path = SceneModel;
			sourceTree = "<group>";
		};
		2CF5E2B92D143B48004632FF /* Model */ = {
			isa = PBXGroup;
			children = (
				2CF5E3152D16FF5D004632FF /* Model.swift */,
			);
			path = Model;
			sourceTree = "<group>";
		};
		2CF5E2C22D143F69004632FF /* NumericScene */ = {
			isa = PBXGroup;
			children = (
				2C89BA422D1AD8A4004CFBB2 /* NLevel1 */,
				2C89BA432D1AD8C6004CFBB2 /* NLevel2 */,
			);
			path = NumericScene;
			sourceTree = "<group>";
		};
		2CF5E2C42D14400E004632FF /* AdditionSene */ = {
			isa = PBXGroup;
			children = (
				2C89BA442D1AD8EC004CFBB2 /* ALevel1 */,
				2C89BA452D1AD904004CFBB2 /* ALevel2 */,
				2C89BA462D1AD928004CFBB2 /* ALevel3 */,
				2C89BA472D1AD941004CFBB2 /* ALevel4 */,
				2C89BA482D1AD958004CFBB2 /* ALevel5 */,
			);
			path = AdditionSene;
			sourceTree = "<group>";
		};
		2CF5E2C52D144025004632FF /* SubtractionScene */ = {
			isa = PBXGroup;
			children = (
				2C89BA3B2D1AD6A3004CFBB2 /* SLevel1 */,
				2C89BA3E2D1AD827004CFBB2 /* SLevel2 */,
				2C89BA3F2D1AD83F004CFBB2 /* SLevel3 */,
				2C89BA402D1AD859004CFBB2 /* SLevel4 */,
			);
			path = SubtractionScene;
			sourceTree = "<group>";
		};
		2CF5E2DC2D144360004632FF /* NumericSceneModule */ = {
			isa = PBXGroup;
			children = (
				2C89BA492D1AD9A4004CFBB2 /* NLevel1 */,
				2C89BA4A2D1AD9BD004CFBB2 /* NLevel2 */,
			);
			path = NumericSceneModule;
			sourceTree = "<group>";
		};
		2CF5E2DD2D144383004632FF /* AdditionSceneModule */ = {
			isa = PBXGroup;
			children = (
				2C89BA4B2D1AD9D6004CFBB2 /* ALevel1 */,
				2C89BA4C2D1AD9E7004CFBB2 /* ALevel2 */,
				2C89BA4D2D1AD9F7004CFBB2 /* ALevel3 */,
				2C89BA4E2D1ADA0B004CFBB2 /* ALevel4 */,
				2C89BA4F2D1ADA25004CFBB2 /* ALevel5 */,
			);
			path = AdditionSceneModule;
			sourceTree = "<group>";
		};
		2CF5E2DE2D144399004632FF /* SubtractionSceneModule */ = {
			isa = PBXGroup;
			children = (
				2C89BA6E2D1ADAE8004CFBB2 /* SLevel1 */,
				2C89BA6F2D1ADAF8004CFBB2 /* SLevel2 */,
				2C89BA702D1ADB03004CFBB2 /* SLevel3 */,
				2C89BA712D1ADB12004CFBB2 /* SLevel4 */,
			);
			path = SubtractionSceneModule;
			sourceTree = "<group>";
		};
/* End PBXGroup section */

/* Begin PBXNativeTarget section */
		2CF5E26E2D0F10E7004632FF /* DyscalcLand */ = {
			isa = PBXNativeTarget;
			buildConfigurationList = 2CF5E2862D0F10E8004632FF /* Build configuration list for PBXNativeTarget "DyscalcLand" */;
			buildPhases = (
				2CF5E26B2D0F10E7004632FF /* Sources */,
				2CF5E26C2D0F10E7004632FF /* Frameworks */,
				2CF5E26D2D0F10E7004632FF /* Resources */,
			);
			buildRules = (
			);
			dependencies = (
			);
			name = DyscalcLand;
			productName = DyscalcLand;
			productReference = 2CF5E26F2D0F10E7004632FF /* DyscalcLand.app */;
			productType = "com.apple.product-type.application";
		};
/* End PBXNativeTarget section */

/* Begin PBXProject section */
		2CF5E2672D0F10E7004632FF /* Project object */ = {
			isa = PBXProject;
			attributes = {
				BuildIndependentTargetsInParallel = 1;
				LastSwiftUpdateCheck = 1540;
				LastUpgradeCheck = 1540;
				TargetAttributes = {
					2CF5E26E2D0F10E7004632FF = {
						CreatedOnToolsVersion = 15.4;
					};
				};
			};
			buildConfigurationList = 2CF5E26A2D0F10E7004632FF /* Build configuration list for PBXProject "DyscalcLand" */;
			compatibilityVersion = "Xcode 14.0";
			developmentRegion = en;
			hasScannedForEncodings = 0;
			knownRegions = (
				en,
				Base,
				ar,
			);
			mainGroup = 2CF5E2662D0F10E7004632FF;
			productRefGroup = 2CF5E2702D0F10E7004632FF /* Products */;
			projectDirPath = "";
			projectRoot = "";
			targets = (
				2CF5E26E2D0F10E7004632FF /* DyscalcLand */,
			);
		};
/* End PBXProject section */

/* Begin PBXResourcesBuildPhase section */
		2CF5E26D2D0F10E7004632FF /* Resources */ = {
			isa = PBXResourcesBuildPhase;
			buildActionMask = 2147483647;
			files = (
				FC3C77C12D23F33600ECBE05 /* ENTryagain.wav in Resources */,
				FCFC9F0C2D1EBABC0097CA2A /* ENcountCotton.wav in Resources */,
				2CF5E2752D0F10E7004632FF /* Equation4.sks in Resources */,
				2A6748892D22694A0021C45C /* Sub1.sks in Resources */,
				2A6748BB2D23E9FC0021C45C /* Our-butten-click.mp3 in Resources */,
				2CF5E2CB2D144167004632FF /* DragAndDrop3.sks in Resources */,
				2CF5E2FC2D144708004632FF /* Number8.sks in Resources */,
				FCFC9E0D2D1AF1260097CA2A /* A pop.mp3 in Resources */,
				2CC5307A2D23EDD70051DBD0 /* SplashScreen.sks in Resources */,
				FCFC9E0F2D1AFA000097CA2A /* AMakeCotton.mp3 in Resources */,
				2CF5E2FA2D1446FF004632FF /* Number7.sks in Resources */,
				FCFC9E172D1AFB360097CA2A /* A4.mp3 in Resources */,
				FCFC9E112D1AFB090097CA2A /* A1.mp3 in Resources */,
				2CF5E2F62D1446EA004632FF /* Number5.sks in Resources */,
				FC3C77C32D23F33E00ECBE05 /* ENExellent.wav in Resources */,
				FC3C77C72D23F37200ECBE05 /* ARExellent.mp3 in Resources */,
				FCFC9E092D1AF0F00097CA2A /* A lets play.mp3 in Resources */,
				2CF5E2F22D1446D3004632FF /* Number3.sks in Resources */,
				FCFC9E152D1AFB230097CA2A /* A3.mp3 in Resources */,
				2CF5E2CF2D14417B004632FF /* DragAndDrop5.sks in Resources */,
				FCFC9E192D1AFB400097CA2A /* A5.mp3 in Resources */,
				FCFC9F0E2D1EBAC50097CA2A /* ENmakeCotton.wav in Resources */,
				2CF5E27E2D0F10E7004632FF /* Base in Resources */,
				2CF5E2FE2D144710004632FF /* Number9.sks in Resources */,
				2C89BA1C2D19B062004CFBB2 /* guess.wav in Resources */,
				2CC530782D23E5250051DBD0 /* Button.mp3 in Resources */,
				2CF5E2C72D14414A004632FF /* DragAndDrop1.sks in Resources */,
				FCFC9E1B2D1AFB4B0097CA2A /* A6.mp3 in Resources */,
				2CF5E2F02D1446C4004632FF /* Number2.sks in Resources */,
				FCFC9EFC2D1EA5450097CA2A /* ARCountCotton.mp3 in Resources */,
				2CF5E2F82D1446F6004632FF /* Number6.sks in Resources */,
				2CF5E3002D14471C004632FF /* Number10.sks in Resources */,
				2CF5E2D92D1441F6004632FF /* Equation3.sks in Resources */,
				FC8FF0E62D10496700CA301A /* Localizable.xcstrings in Resources */,
				FCFC9E1D2D1AFB620097CA2A /* A7.mp3 in Resources */,
				2CF5E2CD2D144172004632FF /* DragAndDrop4.sks in Resources */,
				2A6748B12D231DE70021C45C /* correctAnswer.wav in Resources */,
				2A6748B92D23D9210021C45C /* Bdrop.wav in Resources */,
				2CF5E2802D0F10E8004632FF /* Assets.xcassets in Resources */,
				2CF5E2F42D1446E0004632FF /* Number4.sks in Resources */,
				2CC530762D232A050051DBD0 /* NumAppear.wav in Resources */,
				2CC530742D2329330051DBD0 /* PopBalloon.wav in Resources */,
				2CF5E2BF2D143F27004632FF /* ClownMap.sks in Resources */,
				2CF5E2D52D1441DF004632FF /* Equation1.sks in Resources */,
				FCFC9E132D1AFB130097CA2A /* A2.mp3 in Resources */,
				2CF5E2772D0F10E7004632FF /* Actions.sks in Resources */,
				2CF5E2832D0F10E8004632FF /* Base in Resources */,
				2A6748A32D22C0FB0021C45C /* sub2.sks in Resources */,
				2C89BA182D19A861004CFBB2 /* Clown.wav in Resources */,
				2CC5306D2D22DC720051DBD0 /* AExcellentnext.mp3 in Resources */,
				2CF5E2BB2D143E69004632FF /* WelcomeScreen.sks in Resources */,
				FC3C77C52D23F35F00ECBE05 /* ARTryagain.mp3 in Resources */,
				2CF5E2EE2D1446B4004632FF /* Number1.sks in Resources */,
				2CF5E2D72D1441EF004632FF /* Equation2.sks in Resources */,
				2A6748AF2D231DB10021C45C /* wrongAnswer.wav in Resources */,
				2CF5E2C92D14415A004632FF /* DragAndDrop2.sks in Resources */,
				2CF5E2DB2D144209004632FF /* Equation5.sks in Resources */,
			);
			runOnlyForDeploymentPostprocessing = 0;
		};
/* End PBXResourcesBuildPhase section */

/* Begin PBXSourcesBuildPhase section */
		2CF5E26B2D0F10E7004632FF /* Sources */ = {
			isa = PBXSourcesBuildPhase;
			buildActionMask = 2147483647;
			files = (
				2CF5E2792D0F10E7004632FF /* Equation4.swift in Sources */,
				2CF5E2D12D144199004632FF /* Equation1.swift in Sources */,
				2CF5E3022D14472D004632FF /* Number1.swift in Sources */,
				2CF5E3042D144736004632FF /* Number2.swift in Sources */,
				2CF5E2E42D1444B0004632FF /* DragAndDrop3.swift in Sources */,
				2CF5E2C12D143F39004632FF /* ClownMap.swift in Sources */,
				2A6748A92D22D39D0021C45C /* Sub7.swift in Sources */,
				2CF5E2D32D1441BB004632FF /* Equation2.swift in Sources */,
				2CF5E30C2D144751004632FF /* Number6.swift in Sources */,
				2CF5E2E02D14449D004632FF /* DragAndDrop1.swift in Sources */,
				2CF5E3062D14473D004632FF /* Number3.swift in Sources */,
				2CF5E3162D16FF5D004632FF /* Model.swift in Sources */,
				2CF5E27B2D0F10E7004632FF /* GameViewController.swift in Sources */,
				2CF5E3102D144760004632FF /* Number8.swift in Sources */,
				2CF5E2EC2D1444DC004632FF /* Equation5.swift in Sources */,
				2C794B9B2D2055FE006AA61A /* Sub2.swift in Sources */,
				2CF5E2BD2D143E85004632FF /* WelcomeScreen.swift in Sources */,
				2A6748A52D22D3820021C45C /* Sub5.swift in Sources */,
				2CF5E2EA2D1444D4004632FF /* Equation3.swift in Sources */,
				2C794B992D2055DB006AA61A /* Sub1.swift in Sources */,
				2A6748A72D22D3900021C45C /* Sub6.swift in Sources */,
				2CF5E30E2D144758004632FF /* Number7.swift in Sources */,
				2A6748AB2D22D3AA0021C45C /* Sub8.swift in Sources */,
				2CF5E2E82D1444C2004632FF /* DragAndDrop5.swift in Sources */,
				2CF5E30A2D14474A004632FF /* Number5.swift in Sources */,
				2CF5E2E62D1444B8004632FF /* DragAndDrop4.swift in Sources */,
				2CC5307C2D23EDEA0051DBD0 /* SplashScreen.swift in Sources */,
				2CF5E3142D144771004632FF /* Number10.swift in Sources */,
				2CF5E2732D0F10E7004632FF /* AppDelegate.swift in Sources */,
				2CF5E2E22D1444A5004632FF /* DragAndDrop2.swift in Sources */,
				2CF5E3122D14476A004632FF /* Number9.swift in Sources */,
				2C794B9D2D205627006AA61A /* Sub3.swift in Sources */,
				2CF5E3082D144744004632FF /* Number4.swift in Sources */,
				2C794B9F2D20563C006AA61A /* Sub4.swift in Sources */,
			);
			runOnlyForDeploymentPostprocessing = 0;
		};
/* End PBXSourcesBuildPhase section */

/* Begin PBXVariantGroup section */
		2CF5E27C2D0F10E7004632FF /* Main.storyboard */ = {
			isa = PBXVariantGroup;
			children = (
				2CF5E27D2D0F10E7004632FF /* Base */,
			);
			name = Main.storyboard;
			sourceTree = "<group>";
		};
		2CF5E2812D0F10E8004632FF /* LaunchScreen.storyboard */ = {
			isa = PBXVariantGroup;
			children = (
				2CF5E2822D0F10E8004632FF /* Base */,
			);
			name = LaunchScreen.storyboard;
			sourceTree = "<group>";
		};
/* End PBXVariantGroup section */

/* Begin XCBuildConfiguration section */
		2CF5E2842D0F10E8004632FF /* Debug */ = {
			isa = XCBuildConfiguration;
			buildSettings = {
				ALWAYS_SEARCH_USER_PATHS = NO;
				ASSETCATALOG_COMPILER_GENERATE_SWIFT_ASSET_SYMBOL_EXTENSIONS = YES;
				CLANG_ANALYZER_NONNULL = YES;
				CLANG_ANALYZER_NUMBER_OBJECT_CONVERSION = YES_AGGRESSIVE;
				CLANG_CXX_LANGUAGE_STANDARD = "gnu++20";
				CLANG_ENABLE_MODULES = YES;
				CLANG_ENABLE_OBJC_ARC = YES;
				CLANG_ENABLE_OBJC_WEAK = YES;
				CLANG_WARN_BLOCK_CAPTURE_AUTORELEASING = YES;
				CLANG_WARN_BOOL_CONVERSION = YES;
				CLANG_WARN_COMMA = YES;
				CLANG_WARN_CONSTANT_CONVERSION = YES;
				CLANG_WARN_DEPRECATED_OBJC_IMPLEMENTATIONS = YES;
				CLANG_WARN_DIRECT_OBJC_ISA_USAGE = YES_ERROR;
				CLANG_WARN_DOCUMENTATION_COMMENTS = YES;
				CLANG_WARN_EMPTY_BODY = YES;
				CLANG_WARN_ENUM_CONVERSION = YES;
				CLANG_WARN_INFINITE_RECURSION = YES;
				CLANG_WARN_INT_CONVERSION = YES;
				CLANG_WARN_NON_LITERAL_NULL_CONVERSION = YES;
				CLANG_WARN_OBJC_IMPLICIT_RETAIN_SELF = YES;
				CLANG_WARN_OBJC_LITERAL_CONVERSION = YES;
				CLANG_WARN_OBJC_ROOT_CLASS = YES_ERROR;
				CLANG_WARN_QUOTED_INCLUDE_IN_FRAMEWORK_HEADER = YES;
				CLANG_WARN_RANGE_LOOP_ANALYSIS = YES;
				CLANG_WARN_STRICT_PROTOTYPES = YES;
				CLANG_WARN_SUSPICIOUS_MOVE = YES;
				CLANG_WARN_UNGUARDED_AVAILABILITY = YES_AGGRESSIVE;
				CLANG_WARN_UNREACHABLE_CODE = YES;
				CLANG_WARN__DUPLICATE_METHOD_MATCH = YES;
				COPY_PHASE_STRIP = NO;
				DEBUG_INFORMATION_FORMAT = dwarf;
				ENABLE_STRICT_OBJC_MSGSEND = YES;
				ENABLE_TESTABILITY = YES;
				ENABLE_USER_SCRIPT_SANDBOXING = YES;
				GCC_C_LANGUAGE_STANDARD = gnu17;
				GCC_DYNAMIC_NO_PIC = NO;
				GCC_NO_COMMON_BLOCKS = YES;
				GCC_OPTIMIZATION_LEVEL = 0;
				GCC_PREPROCESSOR_DEFINITIONS = (
					"DEBUG=1",
					"$(inherited)",
				);
				GCC_WARN_64_TO_32_BIT_CONVERSION = YES;
				GCC_WARN_ABOUT_RETURN_TYPE = YES_ERROR;
				GCC_WARN_UNDECLARED_SELECTOR = YES;
				GCC_WARN_UNINITIALIZED_AUTOS = YES_AGGRESSIVE;
				GCC_WARN_UNUSED_FUNCTION = YES;
				GCC_WARN_UNUSED_VARIABLE = YES;
				IPHONEOS_DEPLOYMENT_TARGET = 17.5;
				LOCALIZATION_PREFERS_STRING_CATALOGS = YES;
				MTL_ENABLE_DEBUG_INFO = INCLUDE_SOURCE;
				MTL_FAST_MATH = YES;
				ONLY_ACTIVE_ARCH = YES;
				SDKROOT = iphoneos;
				SWIFT_ACTIVE_COMPILATION_CONDITIONS = "DEBUG $(inherited)";
				SWIFT_EMIT_LOC_STRINGS = YES;
				SWIFT_OPTIMIZATION_LEVEL = "-Onone";
			};
			name = Debug;
		};
		2CF5E2852D0F10E8004632FF /* Release */ = {
			isa = XCBuildConfiguration;
			buildSettings = {
				ALWAYS_SEARCH_USER_PATHS = NO;
				ASSETCATALOG_COMPILER_GENERATE_SWIFT_ASSET_SYMBOL_EXTENSIONS = YES;
				CLANG_ANALYZER_NONNULL = YES;
				CLANG_ANALYZER_NUMBER_OBJECT_CONVERSION = YES_AGGRESSIVE;
				CLANG_CXX_LANGUAGE_STANDARD = "gnu++20";
				CLANG_ENABLE_MODULES = YES;
				CLANG_ENABLE_OBJC_ARC = YES;
				CLANG_ENABLE_OBJC_WEAK = YES;
				CLANG_WARN_BLOCK_CAPTURE_AUTORELEASING = YES;
				CLANG_WARN_BOOL_CONVERSION = YES;
				CLANG_WARN_COMMA = YES;
				CLANG_WARN_CONSTANT_CONVERSION = YES;
				CLANG_WARN_DEPRECATED_OBJC_IMPLEMENTATIONS = YES;
				CLANG_WARN_DIRECT_OBJC_ISA_USAGE = YES_ERROR;
				CLANG_WARN_DOCUMENTATION_COMMENTS = YES;
				CLANG_WARN_EMPTY_BODY = YES;
				CLANG_WARN_ENUM_CONVERSION = YES;
				CLANG_WARN_INFINITE_RECURSION = YES;
				CLANG_WARN_INT_CONVERSION = YES;
				CLANG_WARN_NON_LITERAL_NULL_CONVERSION = YES;
				CLANG_WARN_OBJC_IMPLICIT_RETAIN_SELF = YES;
				CLANG_WARN_OBJC_LITERAL_CONVERSION = YES;
				CLANG_WARN_OBJC_ROOT_CLASS = YES_ERROR;
				CLANG_WARN_QUOTED_INCLUDE_IN_FRAMEWORK_HEADER = YES;
				CLANG_WARN_RANGE_LOOP_ANALYSIS = YES;
				CLANG_WARN_STRICT_PROTOTYPES = YES;
				CLANG_WARN_SUSPICIOUS_MOVE = YES;
				CLANG_WARN_UNGUARDED_AVAILABILITY = YES_AGGRESSIVE;
				CLANG_WARN_UNREACHABLE_CODE = YES;
				CLANG_WARN__DUPLICATE_METHOD_MATCH = YES;
				COPY_PHASE_STRIP = NO;
				DEBUG_INFORMATION_FORMAT = "dwarf-with-dsym";
				ENABLE_NS_ASSERTIONS = NO;
				ENABLE_STRICT_OBJC_MSGSEND = YES;
				ENABLE_USER_SCRIPT_SANDBOXING = YES;
				GCC_C_LANGUAGE_STANDARD = gnu17;
				GCC_NO_COMMON_BLOCKS = YES;
				GCC_WARN_64_TO_32_BIT_CONVERSION = YES;
				GCC_WARN_ABOUT_RETURN_TYPE = YES_ERROR;
				GCC_WARN_UNDECLARED_SELECTOR = YES;
				GCC_WARN_UNINITIALIZED_AUTOS = YES_AGGRESSIVE;
				GCC_WARN_UNUSED_FUNCTION = YES;
				GCC_WARN_UNUSED_VARIABLE = YES;
				IPHONEOS_DEPLOYMENT_TARGET = 17.5;
				LOCALIZATION_PREFERS_STRING_CATALOGS = YES;
				MTL_ENABLE_DEBUG_INFO = NO;
				MTL_FAST_MATH = YES;
				SDKROOT = iphoneos;
				SWIFT_COMPILATION_MODE = wholemodule;
				SWIFT_EMIT_LOC_STRINGS = YES;
				VALIDATE_PRODUCT = YES;
			};
			name = Release;
		};
		2CF5E2872D0F10E8004632FF /* Debug */ = {
			isa = XCBuildConfiguration;
			buildSettings = {
				ASSETCATALOG_COMPILER_APPICON_NAME = AppIcon;
				ASSETCATALOG_COMPILER_GLOBAL_ACCENT_COLOR_NAME = AccentColor;
				CODE_SIGN_STYLE = Automatic;
				CURRENT_PROJECT_VERSION = 1;
				DEVELOPMENT_TEAM = 98X6PVF3R7;
				GENERATE_INFOPLIST_FILE = YES;
				INFOPLIST_KEY_UIApplicationSupportsIndirectInputEvents = YES;
				INFOPLIST_KEY_UILaunchStoryboardName = LaunchScreen;
				INFOPLIST_KEY_UIMainStoryboardFile = Main;
				INFOPLIST_KEY_UIStatusBarHidden = YES;
				INFOPLIST_KEY_UISupportedInterfaceOrientations_iPad = "UIInterfaceOrientationPortrait UIInterfaceOrientationPortraitUpsideDown UIInterfaceOrientationLandscapeLeft UIInterfaceOrientationLandscapeRight";
				INFOPLIST_KEY_UISupportedInterfaceOrientations_iPhone = "UIInterfaceOrientationPortrait UIInterfaceOrientationLandscapeLeft UIInterfaceOrientationLandscapeRight";
				LD_RUNPATH_SEARCH_PATHS = (
					"$(inherited)",
					"@executable_path/Frameworks",
				);
				MARKETING_VERSION = 1.0;
				PRODUCT_BUNDLE_IDENTIFIER = w.DyscalcLand;
				PRODUCT_NAME = "$(TARGET_NAME)";
				SWIFT_EMIT_LOC_STRINGS = YES;
				SWIFT_VERSION = 5.0;
				TARGETED_DEVICE_FAMILY = "1,2";
			};
			name = Debug;
		};
		2CF5E2882D0F10E8004632FF /* Release */ = {
			isa = XCBuildConfiguration;
			buildSettings = {
				ASSETCATALOG_COMPILER_APPICON_NAME = AppIcon;
				ASSETCATALOG_COMPILER_GLOBAL_ACCENT_COLOR_NAME = AccentColor;
				CODE_SIGN_STYLE = Automatic;
				CURRENT_PROJECT_VERSION = 1;
				DEVELOPMENT_TEAM = Q6T9F8HZA3;
				GENERATE_INFOPLIST_FILE = YES;
				INFOPLIST_KEY_UIApplicationSupportsIndirectInputEvents = YES;
				INFOPLIST_KEY_UILaunchStoryboardName = LaunchScreen;
				INFOPLIST_KEY_UIMainStoryboardFile = Main;
				INFOPLIST_KEY_UIStatusBarHidden = YES;
				INFOPLIST_KEY_UISupportedInterfaceOrientations_iPad = "UIInterfaceOrientationPortrait UIInterfaceOrientationPortraitUpsideDown UIInterfaceOrientationLandscapeLeft UIInterfaceOrientationLandscapeRight";
				INFOPLIST_KEY_UISupportedInterfaceOrientations_iPhone = "UIInterfaceOrientationPortrait UIInterfaceOrientationLandscapeLeft UIInterfaceOrientationLandscapeRight";
				LD_RUNPATH_SEARCH_PATHS = (
					"$(inherited)",
					"@executable_path/Frameworks",
				);
				MARKETING_VERSION = 1.0;
				PRODUCT_BUNDLE_IDENTIFIER = w.DyscalcLand;
				PRODUCT_NAME = "$(TARGET_NAME)";
				SWIFT_EMIT_LOC_STRINGS = YES;
				SWIFT_VERSION = 5.0;
				TARGETED_DEVICE_FAMILY = "1,2";
			};
			name = Release;
		};
/* End XCBuildConfiguration section */

/* Begin XCConfigurationList section */
		2CF5E26A2D0F10E7004632FF /* Build configuration list for PBXProject "DyscalcLand" */ = {
			isa = XCConfigurationList;
			buildConfigurations = (
				2CF5E2842D0F10E8004632FF /* Debug */,
				2CF5E2852D0F10E8004632FF /* Release */,
			);
			defaultConfigurationIsVisible = 0;
			defaultConfigurationName = Release;
		};
		2CF5E2862D0F10E8004632FF /* Build configuration list for PBXNativeTarget "DyscalcLand" */ = {
			isa = XCConfigurationList;
			buildConfigurations = (
				2CF5E2872D0F10E8004632FF /* Debug */,
				2CF5E2882D0F10E8004632FF /* Release */,
			);
			defaultConfigurationIsVisible = 0;
			defaultConfigurationName = Release;
		};
/* End XCConfigurationList section */
	};
	rootObject = 2CF5E2672D0F10E7004632FF /* Project object */;
}
